
Microsoft Visual Studio Solution File, Format Version 12.00
# Visual Studio 15
Project("{FAE04EC0-301F-11D3-BF4B-00C04F79EFBC}") = "Wasm01", "Wasm01.csproj", "{DC39CDC9-C437-4262-A7B6-2C03626A709D}"
EndProject
Global
	GlobalSection(SolutionConfigurationPlatforms) = preSolution
		Debug|Any CPU = Debug|Any CPU
		Release|Any CPU = Release|Any CPU
	EndGlobalSection
	GlobalSection(ProjectConfigurationPlatforms) = postSolution
		{DC39CDC9-C437-4262-A7B6-2C03626A709D}.Debug|Any CPU.ActiveCfg = Debug|Any CPU
		{DC39CDC9-C437-4262-A7B6-2C03626A709D}.Debug|Any CPU.Build.0 = Debug|Any CPU
		{DC39CDC9-C437-4262-A7B6-2C03626A709D}.Release|Any CPU.ActiveCfg = Release|Any CPU
		{DC39CDC9-C437-4262-A7B6-2C03626A709D}.Release|Any CPU.Build.0 = Release|Any CPU
	EndGlobalSection
EndGlobal
